
Microsoft Visual Studio Solution File, Format Version 12.00
# Visual Studio Version 17
VisualStudioVersion = 17.5.002.0
MinimumVisualStudioVersion = 10.0.40219.1
Project("{9A19103F-16F7-4668-BE54-9A1E7A4F7556}") = "FirstWebMVC", "FirstWebMVC\FirstWebMVC.csproj", "{116047D9-1EBC-440C-A9E2-EDE67C0818CC}"
EndProject
Project("{9A19103F-16F7-4668-BE54-9A1E7A4F7556}") = "MVCmovie", "MVCmovie\MVCmovie.csproj", "{6E0A9082-B303-4F4F-9D0F-11ADAD338EDD}"
EndProject
Project("{9A19103F-16F7-4668-BE54-9A1E7A4F7556}") = "NewApp", "NewApp\NewApp.csproj", "{2CE9BAE0-5A65-44BD-9F52-3263CEB59260}"
EndProject
Global
	GlobalSection(SolutionConfigurationPlatforms) = preSolution
		Debug|Any CPU = Debug|Any CPU
		Release|Any CPU = Release|Any CPU
	EndGlobalSection
	GlobalSection(ProjectConfigurationPlatforms) = postSolution
		{116047D9-1EBC-440C-A9E2-EDE67C0818CC}.Debug|Any CPU.ActiveCfg = Debug|Any CPU
		{116047D9-1EBC-440C-A9E2-EDE67C0818CC}.Debug|Any CPU.Build.0 = Debug|Any CPU
		{116047D9-1EBC-440C-A9E2-EDE67C0818CC}.Release|Any CPU.ActiveCfg = Release|Any CPU
		{116047D9-1EBC-440C-A9E2-EDE67C0818CC}.Release|Any CPU.Build.0 = Release|Any CPU
		{6E0A9082-B303-4F4F-9D0F-11ADAD338EDD}.Debug|Any CPU.ActiveCfg = Debug|Any CPU
		{6E0A9082-B303-4F4F-9D0F-11ADAD338EDD}.Debug|Any CPU.Build.0 = Debug|Any CPU
		{6E0A9082-B303-4F4F-9D0F-11ADAD338EDD}.Release|Any CPU.ActiveCfg = Release|Any CPU
		{6E0A9082-B303-4F4F-9D0F-11ADAD338EDD}.Release|Any CPU.Build.0 = Release|Any CPU
		{2CE9BAE0-5A65-44BD-9F52-3263CEB59260}.Debug|Any CPU.ActiveCfg = Debug|Any CPU
		{2CE9BAE0-5A65-44BD-9F52-3263CEB59260}.Debug|Any CPU.Build.0 = Debug|Any CPU
		{2CE9BAE0-5A65-44BD-9F52-3263CEB59260}.Release|Any CPU.ActiveCfg = Release|Any CPU
		{2CE9BAE0-5A65-44BD-9F52-3263CEB59260}.Release|Any CPU.Build.0 = Release|Any CPU
	EndGlobalSection
	GlobalSection(SolutionProperties) = preSolution
		HideSolutionNode = FALSE
	EndGlobalSection
	GlobalSection(ExtensibilityGlobals) = postSolution
		SolutionGuid = {0EBA6447-5151-4A51-9720-8C7EDC984782}
	EndGlobalSection
EndGlobal
